PODS:
  - ReachabilitySwift (5.0.0)
  - SDWebImage (5.12.5):
    - SDWebImage/Core (= 5.12.5)
  - SDWebImage/Core (5.12.5)

DEPENDENCIES:
  - ReachabilitySwift
  - SDWebImage (~> 5.0)

SPEC REPOS:
  trunk:
    - ReachabilitySwift
    - SDWebImage

SPEC CHECKSUMS:
  ReachabilitySwift: 985039c6f7b23a1da463388634119492ff86c825
  SDWebImage: 0905f1b7760fc8ac4198cae0036600d67478751e

PODFILE CHECKSUM: 9adc566060528ea1054a29238ce5db46cac1cfab

COCOAPODS: 1.11.2
